
Microsoft Visual Studio Solution File, Format Version 12.00
# Visual Studio Version 17
VisualStudioVersion = 17.4.33122.133
MinimumVisualStudioVersion = 10.0.40219.1
Project("{FAE04EC0-301F-11D3-BF4B-00C04F79EFBC}") = "Static-Struct-Extention-Enum", "Static-Struct-Extention-Enum\Static-Struct-Extention-Enum.csproj", "{34A25010-77CD-471F-A272-05BCB54D7D72}"
EndProject
Global
	GlobalSection(SolutionConfigurationPlatforms) = preSolution
		Debug|Any CPU = Debug|Any CPU
		Release|Any CPU = Release|Any CPU
	EndGlobalSection
	GlobalSection(ProjectConfigurationPlatforms) = postSolution
		{34A25010-77CD-471F-A272-05BCB54D7D72}.Debug|Any CPU.ActiveCfg = Debug|Any CPU
		{34A25010-77CD-471F-A272-05BCB54D7D72}.Debug|Any CPU.Build.0 = Debug|Any CPU
		{34A25010-77CD-471F-A272-05BCB54D7D72}.Release|Any CPU.ActiveCfg = Release|Any CPU
		{34A25010-77CD-471F-A272-05BCB54D7D72}.Release|Any CPU.Build.0 = Release|Any CPU
	EndGlobalSection
	GlobalSection(SolutionProperties) = preSolution
		HideSolutionNode = FALSE
	EndGlobalSection
	GlobalSection(ExtensibilityGlobals) = postSolution
		SolutionGuid = {F3127078-726D-4CFC-B459-433C1E4B1B9C}
	EndGlobalSection
EndGlobal
